dependencies:
- name: prometheus
  repository: https://prometheus-community.github.io/helm-charts
  version: 29.5.0
- name: alertmanager
  repository: https://prometheus-community.github.io/helm-charts
  version: 1.35.1
- name: loki
  repository: https://grafana.github.io/helm-charts
  version: 6.55.0
digest: sha256:10fba92e523936e38c9b8efd28e2ba72908b1db97c805213cdec1d690e7863bd
generated: "2026-05-30T15:27:51.474877-04:00"
